
Microsoft Visual Studio Solution File, Format Version 12.00
# Visual Studio Version 17
VisualStudioVersion = 17.0.32112.339
MinimumVisualStudioVersion = 10.0.40219.1
Project("{9A19103F-16F7-4668-BE54-9A1E7A4F7556}") = "Application", "src\Application\Application.csproj", "{394E5E40-4500-47D8-B822-2EC1F53C589A}"
EndProject
Project("{9A19103F-16F7-4668-BE54-9A1E7A4F7556}") = "Domain", "src\Domain\Domain.csproj", "{18B2E9EF-7E3E-473E-8487-DF90AC8E8A5D}"
EndProject
Project("{9A19103F-16F7-4668-BE54-9A1E7A4F7556}") = "Infrastructure", "src\Infrastructure\Infrastructure.csproj", "{7BFCB245-A0EB-4D05-9EC3-75F600572AAB}"
EndProject
Project("{9A19103F-16F7-4668-BE54-9A1E7A4F7556}") = "WebAPI", "src\Web\WebAPI\WebAPI.csproj", "{98C20398-DE9E-4629-A6BF-872C4A75789E}"
EndProject
Project("{54A90642-561A-4BB1-A94E-469ADEE60C69}") = "WebUI", "src\Web\WebUI\WebUI.esproj", "{6728E358-BC5C-4CE0-BBB9-C6C12EF24A11}"
EndProject
Global
	GlobalSection(SolutionConfigurationPlatforms) = preSolution
		Debug|Any CPU = Debug|Any CPU
		Release|Any CPU = Release|Any CPU
	EndGlobalSection
	GlobalSection(ProjectConfigurationPlatforms) = postSolution
		{394E5E40-4500-47D8-B822-2EC1F53C589A}.Debug|Any CPU.ActiveCfg = Debug|Any CPU
		{394E5E40-4500-47D8-B822-2EC1F53C589A}.Debug|Any CPU.Build.0 = Debug|Any CPU
		{394E5E40-4500-47D8-B822-2EC1F53C589A}.Release|Any CPU.ActiveCfg = Release|Any CPU
		{394E5E40-4500-47D8-B822-2EC1F53C589A}.Release|Any CPU.Build.0 = Release|Any CPU
		{18B2E9EF-7E3E-473E-8487-DF90AC8E8A5D}.Debug|Any CPU.ActiveCfg = Debug|Any CPU
		{18B2E9EF-7E3E-473E-8487-DF90AC8E8A5D}.Debug|Any CPU.Build.0 = Debug|Any CPU
		{18B2E9EF-7E3E-473E-8487-DF90AC8E8A5D}.Release|Any CPU.ActiveCfg = Release|Any CPU
		{18B2E9EF-7E3E-473E-8487-DF90AC8E8A5D}.Release|Any CPU.Build.0 = Release|Any CPU
		{7BFCB245-A0EB-4D05-9EC3-75F600572AAB}.Debug|Any CPU.ActiveCfg = Debug|Any CPU
		{7BFCB245-A0EB-4D05-9EC3-75F600572AAB}.Debug|Any CPU.Build.0 = Debug|Any CPU
		{7BFCB245-A0EB-4D05-9EC3-75F600572AAB}.Release|Any CPU.ActiveCfg = Release|Any CPU
		{7BFCB245-A0EB-4D05-9EC3-75F600572AAB}.Release|Any CPU.Build.0 = Release|Any CPU
		{98C20398-DE9E-4629-A6BF-872C4A75789E}.Debug|Any CPU.ActiveCfg = Debug|Any CPU
		{98C20398-DE9E-4629-A6BF-872C4A75789E}.Debug|Any CPU.Build.0 = Debug|Any CPU
		{98C20398-DE9E-4629-A6BF-872C4A75789E}.Release|Any CPU.ActiveCfg = Release|Any CPU
		{98C20398-DE9E-4629-A6BF-872C4A75789E}.Release|Any CPU.Build.0 = Release|Any CPU
		{6728E358-BC5C-4CE0-BBB9-C6C12EF24A11}.Debug|Any CPU.ActiveCfg = Debug|Any CPU
		{6728E358-BC5C-4CE0-BBB9-C6C12EF24A11}.Debug|Any CPU.Build.0 = Debug|Any CPU
		{6728E358-BC5C-4CE0-BBB9-C6C12EF24A11}.Debug|Any CPU.Deploy.0 = Debug|Any CPU
		{6728E358-BC5C-4CE0-BBB9-C6C12EF24A11}.Release|Any CPU.ActiveCfg = Release|Any CPU
		{6728E358-BC5C-4CE0-BBB9-C6C12EF24A11}.Release|Any CPU.Build.0 = Release|Any CPU
		{6728E358-BC5C-4CE0-BBB9-C6C12EF24A11}.Release|Any CPU.Deploy.0 = Release|Any CPU
	EndGlobalSection
	GlobalSection(SolutionProperties) = preSolution
		HideSolutionNode = FALSE
	EndGlobalSection
	GlobalSection(ExtensibilityGlobals) = postSolution
		SolutionGuid = {56A09868-AECB-4B0B-A58B-902B8D1BB28B}
	EndGlobalSection
EndGlobal
